
Microsoft Visual Studio Solution File, Format Version 12.00
# Visual Studio Version 17
VisualStudioVersion = 17.1.32319.34
MinimumVisualStudioVersion = 10.0.40219.1
Project("{9A19103F-16F7-4668-BE54-9A1E7A4F7556}") = "DarkUI-Starlit", "DarkUI\DarkUI-Starlit.csproj", "{0C35A74C-677E-42A3-A017-B3F6CF9F4655}"
EndProject
Global
	GlobalSection(SolutionConfigurationPlatforms) = preSolution
		Debug|Any CPU = Debug|Any CPU
		Release|Any CPU = Release|Any CPU
	EndGlobalSection
	GlobalSection(ProjectConfigurationPlatforms) = postSolution
		{0C35A74C-677E-42A3-A017-B3F6CF9F4655}.Debug|Any CPU.ActiveCfg = Debug|Any CPU
		{0C35A74C-677E-42A3-A017-B3F6CF9F4655}.Debug|Any CPU.Build.0 = Debug|Any CPU
		{0C35A74C-677E-42A3-A017-B3F6CF9F4655}.Release|Any CPU.ActiveCfg = Release|Any CPU
		{0C35A74C-677E-42A3-A017-B3F6CF9F4655}.Release|Any CPU.Build.0 = Release|Any CPU
	EndGlobalSection
	GlobalSection(SolutionProperties) = preSolution
		HideSolutionNode = FALSE
	EndGlobalSection
	GlobalSection(ExtensibilityGlobals) = postSolution
		SolutionGuid = {0ECCFA1E-8B70-4B58-82C8-ABCE81E81C79}
	EndGlobalSection
EndGlobal
